// !$*UTF8*$!
{
	archiveVersion = 1;
	classes = {
	};
	objectVersion = 50;
	objects = {

/* Begin PBXBuildFile section */
		540F1C3A214268C500AA408C /* CBTBC.m in Sources */ = {isa = PBXBuildFile; fileRef = 540F1C37214268C500AA408C /* CBTBC.m */; };
		540F1C3B214268C500AA408C /* CBNVC.m in Sources */ = {isa = PBXBuildFile; fileRef = 540F1C39214268C500AA408C /* CBNVC.m */; };
		540F1C3E2142699700AA408C /* CBHomeVC.m in Sources */ = {isa = PBXBuildFile; fileRef = 540F1C3D2142699700AA408C /* CBHomeVC.m */; };
		540F1C41214269A300AA408C /* CBVideoVC.m in Sources */ = {isa = PBXBuildFile; fileRef = 540F1C40214269A300AA408C /* CBVideoVC.m */; };
		540F1C44214269C000AA408C /* CBAnchorVC.m in Sources */ = {isa = PBXBuildFile; fileRef = 540F1C43214269C000AA408C /* CBAnchorVC.m */; };
		540F1C47214269CB00AA408C /* CBAttentionVC.m in Sources */ = {isa = PBXBuildFile; fileRef = 540F1C46214269CB00AA408C /* CBAttentionVC.m */; };
		540F1C4A214269D500AA408C /* CBProfileVC.m in Sources */ = {isa = PBXBuildFile; fileRef = 540F1C49214269D500AA408C /* CBProfileVC.m */; };
		540F1C5421426DBC00AA408C /* AppDelegate+AppServer.m in Sources */ = {isa = PBXBuildFile; fileRef = 540F1C5221426DBC00AA408C /* AppDelegate+AppServer.m */; };
		540F1C5921426E1100AA408C /* UIColor+Color.m in Sources */ = {isa = PBXBuildFile; fileRef = 540F1C5721426E1100AA408C /* UIColor+Color.m */; };
		540F1C5D2142765E00AA408C /* CBLaunch.m in Sources */ = {isa = PBXBuildFile; fileRef = 540F1C5C2142765E00AA408C /* CBLaunch.m */; };
		540F1C6421427A4000AA408C /* NSObject+PerformBlock.m in Sources */ = {isa = PBXBuildFile; fileRef = 540F1C6321427A4000AA408C /* NSObject+PerformBlock.m */; };
		540F1C6921427DF500AA408C /* CBGuideView.m in Sources */ = {isa = PBXBuildFile; fileRef = 540F1C6821427DF500AA408C /* CBGuideView.m */; };
		540F1C6C21427F0100AA408C /* CBGuideViewCell.m in Sources */ = {isa = PBXBuildFile; fileRef = 540F1C6B21427F0100AA408C /* CBGuideViewCell.m */; };
		5426E19021420DCE008AF44A /* AppDelegate.m in Sources */ = {isa = PBXBuildFile; fileRef = 5426E18F21420DCE008AF44A /* AppDelegate.m */; };
		5426E19321420DCE008AF44A /* ViewController.m in Sources */ = {isa = PBXBuildFile; fileRef = 5426E19221420DCE008AF44A /* ViewController.m */; };
		5426E19621420DCE008AF44A /* Main.storyboard in Resources */ = {isa = PBXBuildFile; fileRef = 5426E19421420DCE008AF44A /* Main.storyboard */; };
		5426E19821420DCF008AF44A /* Assets.xcassets in Resources */ = {isa = PBXBuildFile; fileRef = 5426E19721420DCF008AF44A /* Assets.xcassets */; };
		5426E19B21420DCF008AF44A /* LaunchScreen.storyboard in Resources */ = {isa = PBXBuildFile; fileRef = 5426E19921420DCF008AF44A /* LaunchScreen.storyboard */; };
		5426E19E21420DCF008AF44A /* main.m in Sources */ = {isa = PBXBuildFile; fileRef = 5426E19D21420DCF008AF44A /* main.m */; };
		54531C5D21460875005D87BA /* guide_X3@3x.png in Resources */ = {isa = PBXBuildFile; fileRef = 54531C5721460875005D87BA /* guide_X3@3x.png */; };
		54531C5E21460875005D87BA /* guide_1@3x.png in Resources */ = {isa = PBXBuildFile; fileRef = 54531C5821460875005D87BA /* guide_1@3x.png */; };
		54531C5F21460875005D87BA /* guide_X1@3x.png in Resources */ = {isa = PBXBuildFile; fileRef = 54531C5921460875005D87BA /* guide_X1@3x.png */; };
		54531C6021460875005D87BA /* guide_3@3x.png in Resources */ = {isa = PBXBuildFile; fileRef = 54531C5A21460875005D87BA /* guide_3@3x.png */; };
		54531C6121460875005D87BA /* guide_X2@3x.png in Resources */ = {isa = PBXBuildFile; fileRef = 54531C5B21460875005D87BA /* guide_X2@3x.png */; };
		54531C6221460875005D87BA /* guide_2@3x.png in Resources */ = {isa = PBXBuildFile; fileRef = 54531C5C21460875005D87BA /* guide_2@3x.png */; };
		54531C7D21461B8C005D87BA /* libsqlite3.tbd in Frameworks */ = {isa = PBXBuildFile; fileRef = 54531C7C21461B8C005D87BA /* libsqlite3.tbd */; };
		54531C8B21464209005D87BA /* CBUserProfileVO.m in Sources */ = {isa = PBXBuildFile; fileRef = 54531C8A21464209005D87BA /* CBUserProfileVO.m */; };
		54531C8E21464221005D87BA /* NSObject+Coding.m in Sources */ = {isa = PBXBuildFile; fileRef = 54531C8C21464221005D87BA /* NSObject+Coding.m */; };
		54531C912146424A005D87BA /* NSObject+Class.m in Sources */ = {isa = PBXBuildFile; fileRef = 54531C8F21464249005D87BA /* NSObject+Class.m */; };
		54531C9421464934005D87BA /* CBUserProfileLogic.m in Sources */ = {isa = PBXBuildFile; fileRef = 54531C9321464934005D87BA /* CBUserProfileLogic.m */; };
		54531C98214649C2005D87BA /* CBArchiverTool.m in Sources */ = {isa = PBXBuildFile; fileRef = 54531C96214649C2005D87BA /* CBArchiverTool.m */; };
		54531C9D21464DA2005D87BA /* CBRequestAPI.m in Sources */ = {isa = PBXBuildFile; fileRef = 54531C9C21464DA2005D87BA /* CBRequestAPI.m */; };
		54531CA121465098005D87BA /* AESCipher.m in Sources */ = {isa = PBXBuildFile; fileRef = 54531C9F21465098005D87BA /* AESCipher.m */; };
		54531CA421465286005D87BA /* CBRequestHeaderVO.m in Sources */ = {isa = PBXBuildFile; fileRef = 54531CA321465286005D87BA /* CBRequestHeaderVO.m */; };
		54531CA7214655C9005D87BA /* CBUserProfileAPI.m in Sources */ = {isa = PBXBuildFile; fileRef = 54531CA6214655C9005D87BA /* CBUserProfileAPI.m */; };
		54531CAA214656F7005D87BA /* CBUrlArgumentsFilter.m in Sources */ = {isa = PBXBuildFile; fileRef = 54531CA9214656F7005D87BA /* CBUrlArgumentsFilter.m */; };
		54531CBB21467063005D87BA /* CBWebVC.m in Sources */ = {isa = PBXBuildFile; fileRef = 54531CAD21467063005D87BA /* CBWebVC.m */; };
		54531CBC21467063005D87BA /* CBRegisterVC.m in Sources */ = {isa = PBXBuildFile; fileRef = 54531CB021467063005D87BA /* CBRegisterVC.m */; };
		54531CBD21467063005D87BA /* CBRegisterVC.xib in Resources */ = {isa = PBXBuildFile; fileRef = 54531CB121467063005D87BA /* CBRegisterVC.xib */; };
		54531CBE21467063005D87BA /* CBForgetPwdVC.xib in Resources */ = {isa = PBXBuildFile; fileRef = 54531CB421467063005D87BA /* CBForgetPwdVC.xib */; };
		54531CBF21467063005D87BA /* CBForgetPwdVC.m in Sources */ = {isa = PBXBuildFile; fileRef = 54531CB521467063005D87BA /* CBForgetPwdVC.m */; };
		54531CC021467063005D87BA /* CBLoginVC.m in Sources */ = {isa = PBXBuildFile; fileRef = 54531CB821467063005D87BA /* CBLoginVC.m */; };
		54531CC121467063005D87BA /* CBLoginVC.xib in Resources */ = {isa = PBXBuildFile; fileRef = 54531CB921467063005D87BA /* CBLoginVC.xib */; };
		54531CC5214670A9005D87BA /* CBBaseWebViewVC.m in Sources */ = {isa = PBXBuildFile; fileRef = 54531CC4214670A8005D87BA /* CBBaseWebViewVC.m */; };
		54531CC92146723A005D87BA /* UITextField+LeftImageView.m in Sources */ = {isa = PBXBuildFile; fileRef = 54531CC821467239005D87BA /* UITextField+LeftImageView.m */; };
		54531CCD214672D3005D87BA /* MBProgressHUD+HUD.m in Sources */ = {isa = PBXBuildFile; fileRef = 54531CCB214672D3005D87BA /* MBProgressHUD+HUD.m */; };
		54531CD22146783D005D87BA /* CBLoginLogic.m in Sources */ = {isa = PBXBuildFile; fileRef = 54531CD12146783D005D87BA /* CBLoginLogic.m */; };
		54531CD521467872005D87BA /* CBLoginAPI.m in Sources */ = {isa = PBXBuildFile; fileRef = 54531CD421467872005D87BA /* CBLoginAPI.m */; };
		54531CDA21474CBC005D87BA /* CBLogic.m in Sources */ = {isa = PBXBuildFile; fileRef = 54531CD921474CBC005D87BA /* CBLogic.m */; };
		54531CE321474EE7005D87BA /* CBRegisterAPI.m in Sources */ = {isa = PBXBuildFile; fileRef = 54531CE221474EE7005D87BA /* CBRegisterAPI.m */; };
		54531CE721475F33005D87BA /* UIViewController+loading.m in Sources */ = {isa = PBXBuildFile; fileRef = 54531CE621475F32005D87BA /* UIViewController+loading.m */; };
		54531CEA21477102005D87BA /* CBVerCodeAPI.m in Sources */ = {isa = PBXBuildFile; fileRef = 54531CE921477102005D87BA /* CBVerCodeAPI.m */; };
		54531CEF214774CA005D87BA /* CBForgetAPI.m in Sources */ = {isa = PBXBuildFile; fileRef = 54531CEE214774CA005D87BA /* CBForgetAPI.m */; };
		54531CF521479825005D87BA /* CBUserProfileManager.m in Sources */ = {isa = PBXBuildFile; fileRef = 54531CF421479825005D87BA /* CBUserProfileManager.m */; };
		54531CF82147A373005D87BA /* CBThirdLoginAPI.m in Sources */ = {isa = PBXBuildFile; fileRef = 54531CF72147A373005D87BA /* CBThirdLoginAPI.m */; };
		8E5F4A2A2DC4257315B3863A /* libPods-FwApp.a in Frameworks */ = {isa = PBXBuildFile; fileRef = F1BEF1E1B2851D848FC5530D /* libPods-FwApp.a */; };
/* End PBXBuildFile section */

/* Begin PBXFileReference section */
		540F1C36214268C400AA408C /* CBNVC.h */ = {isa = PBXFileReference; fileEncoding = 4; lastKnownFileType = sourcecode.c.h; path = CBNVC.h; sourceTree = "<group>"; };
		540F1C37214268C500AA408C /* CBTBC.m */ = {isa = PBXFileReference; fileEncoding = 4; lastKnownFileType = sourcecode.c.objc; path = CBTBC.m; sourceTree = "<group>"; };
		540F1C38214268C500AA408C /* CBTBC.h */ = {isa = PBXFileReference; fileEncoding = 4; lastKnownFileType = sourcecode.c.h; path = CBTBC.h; sourceTree = "<group>"; };
		540F1C39214268C500AA408C /* CBNVC.m */ = {isa = PBXFileReference; fileEncoding = 4; lastKnownFileType = sourcecode.c.objc; path = CBNVC.m; sourceTree = "<group>"; };
		540F1C3C2142699700AA408C /* CBHomeVC.h */ = {isa = PBXFileReference; lastKnownFileType = sourcecode.c.h; path = CBHomeVC.h; sourceTree = "<group>"; };
		540F1C3D2142699700AA408C /* CBHomeVC.m */ = {isa = PBXFileReference; lastKnownFileType = sourcecode.c.objc; path = CBHomeVC.m; sourceTree = "<group>"; };
		540F1C3F214269A300AA408C /* CBVideoVC.h */ = {isa = PBXFileReference; lastKnownFileType = sourcecode.c.h; path = CBVideoVC.h; sourceTree = "<group>"; };
		540F1C40214269A300AA408C /* CBVideoVC.m */ = {isa = PBXFileReference; lastKnownFileType = sourcecode.c.objc; path = CBVideoVC.m; sourceTree = "<group>"; };
		540F1C42214269C000AA408C /* CBAnchorVC.h */ = {isa = PBXFileReference; lastKnownFileType = sourcecode.c.h; path = CBAnchorVC.h; sourceTree = "<group>"; };
		540F1C43214269C000AA408C /* CBAnchorVC.m */ = {isa = PBXFileReference; lastKnownFileType = sourcecode.c.objc; path = CBAnchorVC.m; sourceTree = "<group>"; };
		540F1C45214269CB00AA408C /* CBAttentionVC.h */ = {isa = PBXFileReference; lastKnownFileType = sourcecode.c.h; path = CBAttentionVC.h; sourceTree = "<group>"; };
		540F1C46214269CB00AA408C /* CBAttentionVC.m */ = {isa = PBXFileReference; lastKnownFileType = sourcecode.c.objc; path = CBAttentionVC.m; sourceTree = "<group>"; };
		540F1C48214269D500AA408C /* CBProfileVC.h */ = {isa = PBXFileReference; lastKnownFileType = sourcecode.c.h; path = CBProfileVC.h; sourceTree = "<group>"; };
		540F1C49214269D500AA408C /* CBProfileVC.m */ = {isa = PBXFileReference; lastKnownFileType = sourcecode.c.objc; path = CBProfileVC.m; sourceTree = "<group>"; };
		540F1C5221426DBC00AA408C /* AppDelegate+AppServer.m */ = {isa = PBXFileReference; fileEncoding = 4; lastKnownFileType = sourcecode.c.objc; path = "AppDelegate+AppServer.m"; sourceTree = "<group>"; };
		540F1C5321426DBC00AA408C /* AppDelegate+AppServer.h */ = {isa = PBXFileReference; fileEncoding = 4; lastKnownFileType = sourcecode.c.h; path = "AppDelegate+AppServer.h"; sourceTree = "<group>"; };
		540F1C5721426E1100AA408C /* UIColor+Color.m */ = {isa = PBXFileReference; fileEncoding = 4; lastKnownFileType = sourcecode.c.objc; path = "UIColor+Color.m"; sourceTree = "<group>"; };
		540F1C5821426E1100AA408C /* UIColor+Color.h */ = {isa = PBXFileReference; fileEncoding = 4; lastKnownFileType = sourcecode.c.h; path = "UIColor+Color.h"; sourceTree = "<group>"; };
		540F1C5B2142765E00AA408C /* CBLaunch.h */ = {isa = PBXFileReference; lastKnownFileType = sourcecode.c.h; path = CBLaunch.h; sourceTree = "<group>"; };
		540F1C5C2142765E00AA408C /* CBLaunch.m */ = {isa = PBXFileReference; lastKnownFileType = sourcecode.c.objc; path = CBLaunch.m; sourceTree = "<group>"; };
		540F1C5F2142775500AA408C /* CBFuncDefine.h */ = {isa = PBXFileReference; lastKnownFileType = sourcecode.c.h; path = CBFuncDefine.h; sourceTree = "<group>"; };
		540F1C60214277FA00AA408C /* CBHeaders.h */ = {isa = PBXFileReference; lastKnownFileType = sourcecode.c.h; path = CBHeaders.h; sourceTree = "<group>"; };
		540F1C6221427A4000AA408C /* NSObject+PerformBlock.h */ = {isa = PBXFileReference; fileEncoding = 4; lastKnownFileType = sourcecode.c.h; path = "NSObject+PerformBlock.h"; sourceTree = "<group>"; };
		540F1C6321427A4000AA408C /* NSObject+PerformBlock.m */ = {isa = PBXFileReference; fileEncoding = 4; lastKnownFileType = sourcecode.c.objc; path = "NSObject+PerformBlock.m"; sourceTree = "<group>"; };
		540F1C6721427DF500AA408C /* CBGuideView.h */ = {isa = PBXFileReference; lastKnownFileType = sourcecode.c.h; path = CBGuideView.h; sourceTree = "<group>"; };
		540F1C6821427DF500AA408C /* CBGuideView.m */ = {isa = PBXFileReference; lastKnownFileType = sourcecode.c.objc; path = CBGuideView.m; sourceTree = "<group>"; };
		540F1C6A21427F0100AA408C /* CBGuideViewCell.h */ = {isa = PBXFileReference; lastKnownFileType = sourcecode.c.h; path = CBGuideViewCell.h; sourceTree = "<group>"; };
		540F1C6B21427F0100AA408C /* CBGuideViewCell.m */ = {isa = PBXFileReference; lastKnownFileType = sourcecode.c.objc; path = CBGuideViewCell.m; sourceTree = "<group>"; };
		5426E18B21420DCE008AF44A /* FwApp.app */ = {isa = PBXFileReference; explicitFileType = wrapper.application; includeInIndex = 0; path = FwApp.app; sourceTree = BUILT_PRODUCTS_DIR; };
		5426E18E21420DCE008AF44A /* AppDelegate.h */ = {isa = PBXFileReference; lastKnownFileType = sourcecode.c.h; path = AppDelegate.h; sourceTree = "<group>"; };
		5426E18F21420DCE008AF44A /* AppDelegate.m */ = {isa = PBXFileReference; lastKnownFileType = sourcecode.c.objc; path = AppDelegate.m; sourceTree = "<group>"; };
		5426E19121420DCE008AF44A /* ViewController.h */ = {isa = PBXFileReference; lastKnownFileType = sourcecode.c.h; path = ViewController.h; sourceTree = "<group>"; };
		5426E19221420DCE008AF44A /* ViewController.m */ = {isa = PBXFileReference; lastKnownFileType = sourcecode.c.objc; path = ViewController.m; sourceTree = "<group>"; };
		5426E19521420DCE008AF44A /* Base */ = {isa = PBXFileReference; lastKnownFileType = file.storyboard; name = Base; path = Base.lproj/Main.storyboard; sourceTree = "<group>"; };
		5426E19721420DCF008AF44A /* Assets.xcassets */ = {isa = PBXFileReference; lastKnownFileType = folder.assetcatalog; path = Assets.xcassets; sourceTree = "<group>"; };
		5426E19A21420DCF008AF44A /* Base */ = {isa = PBXFileReference; lastKnownFileType = file.storyboard; name = Base; path = Base.lproj/LaunchScreen.storyboard; sourceTree = "<group>"; };
		5426E19C21420DCF008AF44A /* Info.plist */ = {isa = PBXFileReference; lastKnownFileType = text.plist.xml; path = Info.plist; sourceTree = "<group>"; };
		5426E19D21420DCF008AF44A /* main.m */ = {isa = PBXFileReference; lastKnownFileType = sourcecode.c.objc; path = main.m; sourceTree = "<group>"; };
		5426E1A7214213AE008AF44A /* FwApp.pch */ = {isa = PBXFileReference; lastKnownFileType = sourcecode.c.h; path = FwApp.pch; sourceTree = "<group>"; };
		54531C5721460875005D87BA /* guide_X3@3x.png */ = {isa = PBXFileReference; lastKnownFileType = image.png; path = "guide_X3@3x.png"; sourceTree = "<group>"; };
		54531C5821460875005D87BA /* guide_1@3x.png */ = {isa = PBXFileReference; lastKnownFileType = image.png; path = "guide_1@3x.png"; sourceTree = "<group>"; };
		54531C5921460875005D87BA /* guide_X1@3x.png */ = {isa = PBXFileReference; lastKnownFileType = image.png; path = "guide_X1@3x.png"; sourceTree = "<group>"; };
		54531C5A21460875005D87BA /* guide_3@3x.png */ = {isa = PBXFileReference; lastKnownFileType = image.png; path = "guide_3@3x.png"; sourceTree = "<group>"; };
		54531C5B21460875005D87BA /* guide_X2@3x.png */ = {isa = PBXFileReference; lastKnownFileType = image.png; path = "guide_X2@3x.png"; sourceTree = "<group>"; };
		54531C5C21460875005D87BA /* guide_2@3x.png */ = {isa = PBXFileReference; lastKnownFileType = image.png; path = "guide_2@3x.png"; sourceTree = "<group>"; };
		54531C7C21461B8C005D87BA /* libsqlite3.tbd */ = {isa = PBXFileReference; lastKnownFileType = "sourcecode.text-based-dylib-definition"; name = libsqlite3.tbd; path = usr/lib/libsqlite3.tbd; sourceTree = SDKROOT; };
		54531C8921464208005D87BA /* CBUserProfileVO.h */ = {isa = PBXFileReference; fileEncoding = 4; lastKnownFileType = sourcecode.c.h; path = CBUserProfileVO.h; sourceTree = "<group>"; };
		54531C8A21464209005D87BA /* CBUserProfileVO.m */ = {isa = PBXFileReference; fileEncoding = 4; lastKnownFileType = sourcecode.c.objc; path = CBUserProfileVO.m; sourceTree = "<group>"; };
		54531C8C21464221005D87BA /* NSObject+Coding.m */ = {isa = PBXFileReference; fileEncoding = 4; lastKnownFileType = sourcecode.c.objc; path = "NSObject+Coding.m"; sourceTree = "<group>"; };
		54531C8D21464221005D87BA /* NSObject+Coding.h */ = {isa = PBXFileReference; fileEncoding = 4; lastKnownFileType = sourcecode.c.h; path = "NSObject+Coding.h"; sourceTree = "<group>"; };
		54531C8F21464249005D87BA /* NSObject+Class.m */ = {isa = PBXFileReference; fileEncoding = 4; lastKnownFileType = sourcecode.c.objc; path = "NSObject+Class.m"; sourceTree = "<group>"; };
		54531C9021464249005D87BA /* NSObject+Class.h */ = {isa = PBXFileReference; fileEncoding = 4; lastKnownFileType = sourcecode.c.h; path = "NSObject+Class.h"; sourceTree = "<group>"; };
		54531C9221464934005D87BA /* CBUserProfileLogic.h */ = {isa = PBXFileReference; lastKnownFileType = sourcecode.c.h; path = CBUserProfileLogic.h; sourceTree = "<group>"; };
		54531C9321464934005D87BA /* CBUserProfileLogic.m */ = {isa = PBXFileReference; lastKnownFileType = sourcecode.c.objc; path = CBUserProfileLogic.m; sourceTree = "<group>"; };
		54531C96214649C2005D87BA /* CBArchiverTool.m */ = {isa = PBXFileReference; fileEncoding = 4; lastKnownFileType = sourcecode.c.objc; path = CBArchiverTool.m; sourceTree = "<group>"; };
		54531C97214649C2005D87BA /* CBArchiverTool.h */ = {isa = PBXFileReference; fileEncoding = 4; lastKnownFileType = sourcecode.c.h; path = CBArchiverTool.h; sourceTree = "<group>"; };
		54531C9B21464DA2005D87BA /* CBRequestAPI.h */ = {isa = PBXFileReference; lastKnownFileType = sourcecode.c.h; path = CBRequestAPI.h; sourceTree = "<group>"; };
		54531C9C21464DA2005D87BA /* CBRequestAPI.m */ = {isa = PBXFileReference; lastKnownFileType = sourcecode.c.objc; path = CBRequestAPI.m; sourceTree = "<group>"; };
		54531C9F21465098005D87BA /* AESCipher.m */ = {isa = PBXFileReference; fileEncoding = 4; lastKnownFileType = sourcecode.c.objc; path = AESCipher.m; sourceTree = "<group>"; };
		54531CA021465098005D87BA /* AESCipher.h */ = {isa = PBXFileReference; fileEncoding = 4; lastKnownFileType = sourcecode.c.h; path = AESCipher.h; sourceTree = "<group>"; };
		54531CA221465286005D87BA /* CBRequestHeaderVO.h */ = {isa = PBXFileReference; lastKnownFileType = sourcecode.c.h; path = CBRequestHeaderVO.h; sourceTree = "<group>"; };
		54531CA321465286005D87BA /* CBRequestHeaderVO.m */ = {isa = PBXFileReference; lastKnownFileType = sourcecode.c.objc; path = CBRequestHeaderVO.m; sourceTree = "<group>"; };
		54531CA5214655C9005D87BA /* CBUserProfileAPI.h */ = {isa = PBXFileReference; lastKnownFileType = sourcecode.c.h; path = CBUserProfileAPI.h; sourceTree = "<group>"; };
		54531CA6214655C9005D87BA /* CBUserProfileAPI.m */ = {isa = PBXFileReference; lastKnownFileType = sourcecode.c.objc; path = CBUserProfileAPI.m; sourceTree = "<group>"; };
		54531CA8214656F7005D87BA /* CBUrlArgumentsFilter.h */ = {isa = PBXFileReference; lastKnownFileType = sourcecode.c.h; path = CBUrlArgumentsFilter.h; sourceTree = "<group>"; };
		54531CA9214656F7005D87BA /* CBUrlArgumentsFilter.m */ = {isa = PBXFileReference; lastKnownFileType = sourcecode.c.objc; path = CBUrlArgumentsFilter.m; sourceTree = "<group>"; };
		54531CAD21467063005D87BA /* CBWebVC.m */ = {isa = PBXFileReference; fileEncoding = 4; lastKnownFileType = sourcecode.c.objc; path = CBWebVC.m; sourceTree = "<group>"; };
		54531CAE21467063005D87BA /* CBWebVC.h */ = {isa = PBXFileReference; fileEncoding = 4; lastKnownFileType = sourcecode.c.h; path = CBWebVC.h; sourceTree = "<group>"; };
		54531CB021467063005D87BA /* CBRegisterVC.m */ = {isa = PBXFileReference; fileEncoding = 4; lastKnownFileType = sourcecode.c.objc; path = CBRegisterVC.m; sourceTree = "<group>"; };
		54531CB121467063005D87BA /* CBRegisterVC.xib */ = {isa = PBXFileReference; fileEncoding = 4; lastKnownFileType = file.xib; path = CBRegisterVC.xib; sourceTree = "<group>"; };
		54531CB221467063005D87BA /* CBRegisterVC.h */ = {isa = PBXFileReference; fileEncoding = 4; lastKnownFileType = sourcecode.c.h; path = CBRegisterVC.h; sourceTree = "<group>"; };
		54531CB421467063005D87BA /* CBForgetPwdVC.xib */ = {isa = PBXFileReference; fileEncoding = 4; lastKnownFileType = file.xib; path = CBForgetPwdVC.xib; sourceTree = "<group>"; };
		54531CB521467063005D87BA /* CBForgetPwdVC.m */ = {isa = PBXFileReference; fileEncoding = 4; lastKnownFileType = sourcecode.c.objc; path = CBForgetPwdVC.m; sourceTree = "<group>"; };
		54531CB621467063005D87BA /* CBForgetPwdVC.h */ = {isa = PBXFileReference; fileEncoding = 4; lastKnownFileType = sourcecode.c.h; path = CBForgetPwdVC.h; sourceTree = "<group>"; };
		54531CB821467063005D87BA /* CBLoginVC.m */ = {isa = PBXFileReference; fileEncoding = 4; lastKnownFileType = sourcecode.c.objc; path = CBLoginVC.m; sourceTree = "<group>"; };
		54531CB921467063005D87BA /* CBLoginVC.xib */ = {isa = PBXFileReference; fileEncoding = 4; lastKnownFileType = file.xib; path = CBLoginVC.xib; sourceTree = "<group>"; };
		54531CBA21467063005D87BA /* CBLoginVC.h */ = {isa = PBXFileReference; fileEncoding = 4; lastKnownFileType = sourcecode.c.h; path = CBLoginVC.h; sourceTree = "<group>"; };
		54531CC3214670A8005D87BA /* CBBaseWebViewVC.h */ = {isa = PBXFileReference; fileEncoding = 4; lastKnownFileType = sourcecode.c.h; path = CBBaseWebViewVC.h; sourceTree = "<group>"; };
		54531CC4214670A8005D87BA /* CBBaseWebViewVC.m */ = {isa = PBXFileReference; fileEncoding = 4; lastKnownFileType = sourcecode.c.objc; path = CBBaseWebViewVC.m; sourceTree = "<group>"; };
		54531CC721467239005D87BA /* UITextField+LeftImageView.h */ = {isa = PBXFileReference; fileEncoding = 4; lastKnownFileType = sourcecode.c.h; path = "UITextField+LeftImageView.h"; sourceTree = "<group>"; };
		54531CC821467239005D87BA /* UITextField+LeftImageView.m */ = {isa = PBXFileReference; fileEncoding = 4; lastKnownFileType = sourcecode.c.objc; path = "UITextField+LeftImageView.m"; sourceTree = "<group>"; };
		54531CCB214672D3005D87BA /* MBProgressHUD+HUD.m */ = {isa = PBXFileReference; fileEncoding = 4; lastKnownFileType = sourcecode.c.objc; path = "MBProgressHUD+HUD.m"; sourceTree = "<group>"; };
		54531CCC214672D3005D87BA /* MBProgressHUD+HUD.h */ = {isa = PBXFileReference; fileEncoding = 4; lastKnownFileType = sourcecode.c.h; path = "MBProgressHUD+HUD.h"; sourceTree = "<group>"; };
		54531CD02146783D005D87BA /* CBLoginLogic.h */ = {isa = PBXFileReference; lastKnownFileType = sourcecode.c.h; path = CBLoginLogic.h; sourceTree = "<group>"; };
		54531CD12146783D005D87BA /* CBLoginLogic.m */ = {isa = PBXFileReference; lastKnownFileType = sourcecode.c.objc; path = CBLoginLogic.m; sourceTree = "<group>"; };
		54531CD321467872005D87BA /* CBLoginAPI.h */ = {isa = PBXFileReference; lastKnownFileType = sourcecode.c.h; path = CBLoginAPI.h; sourceTree = "<group>"; };
		54531CD421467872005D87BA /* CBLoginAPI.m */ = {isa = PBXFileReference; lastKnownFileType = sourcecode.c.objc; path = CBLoginAPI.m; sourceTree = "<group>"; };
		54531CD821474CBC005D87BA /* CBLogic.h */ = {isa = PBXFileReference; lastKnownFileType = sourcecode.c.h; path = CBLogic.h; sourceTree = "<group>"; };
		54531CD921474CBC005D87BA /* CBLogic.m */ = {isa = PBXFileReference; lastKnownFileType = sourcecode.c.objc; path = CBLogic.m; sourceTree = "<group>"; };
		54531CE121474EE7005D87BA /* CBRegisterAPI.h */ = {isa = PBXFileReference; lastKnownFileType = sourcecode.c.h; path = CBRegisterAPI.h; sourceTree = "<group>"; };
		54531CE221474EE7005D87BA /* CBRegisterAPI.m */ = {isa = PBXFileReference; lastKnownFileType = sourcecode.c.objc; path = CBRegisterAPI.m; sourceTree = "<group>"; };
		54531CE521475F32005D87BA /* UIViewController+loading.h */ = {isa = PBXFileReference; fileEncoding = 4; lastKnownFileType = sourcecode.c.h; path = "UIViewController+loading.h"; sourceTree = "<group>"; };
		54531CE621475F32005D87BA /* UIViewController+loading.m */ = {isa = PBXFileReference; fileEncoding = 4; lastKnownFileType = sourcecode.c.objc; path = "UIViewController+loading.m"; sourceTree = "<group>"; };
		54531CE821477102005D87BA /* CBVerCodeAPI.h */ = {isa = PBXFileReference; lastKnownFileType = sourcecode.c.h; path = CBVerCodeAPI.h; sourceTree = "<group>"; };
		54531CE921477102005D87BA /* CBVerCodeAPI.m */ = {isa = PBXFileReference; lastKnownFileType = sourcecode.c.objc; path = CBVerCodeAPI.m; sourceTree = "<group>"; };
		54531CED214774CA005D87BA /* CBForgetAPI.h */ = {isa = PBXFileReference; lastKnownFileType = sourcecode.c.h; path = CBForgetAPI.h; sourceTree = "<group>"; };
		54531CEE214774CA005D87BA /* CBForgetAPI.m */ = {isa = PBXFileReference; lastKnownFileType = sourcecode.c.objc; path = CBForgetAPI.m; sourceTree = "<group>"; };
		54531CF321479825005D87BA /* CBUserProfileManager.h */ = {isa = PBXFileReference; lastKnownFileType = sourcecode.c.h; path = CBUserProfileManager.h; sourceTree = "<group>"; };
		54531CF421479825005D87BA /* CBUserProfileManager.m */ = {isa = PBXFileReference; lastKnownFileType = sourcecode.c.objc; path = CBUserProfileManager.m; sourceTree = "<group>"; };
		54531CF62147A373005D87BA /* CBThirdLoginAPI.h */ = {isa = PBXFileReference; lastKnownFileType = sourcecode.c.h; path = CBThirdLoginAPI.h; sourceTree = "<group>"; };
		54531CF72147A373005D87BA /* CBThirdLoginAPI.m */ = {isa = PBXFileReference; lastKnownFileType = sourcecode.c.objc; path = CBThirdLoginAPI.m; sourceTree = "<group>"; };
		BA8E96F2C692180177CB7659 /* Pods-FwApp.release.xcconfig */ = {isa = PBXFileReference; includeInIndex = 1; lastKnownFileType = text.xcconfig; name = "Pods-FwApp.release.xcconfig"; path = "Pods/Target Support Files/Pods-FwApp/Pods-FwApp.release.xcconfig"; sourceTree = "<group>"; };
		DE64301DFB46888C031105E9 /* Pods-FwApp.debug.xcconfig */ = {isa = PBXFileReference; includeInIndex = 1; lastKnownFileType = text.xcconfig; name = "Pods-FwApp.debug.xcconfig"; path = "Pods/Target Support Files/Pods-FwApp/Pods-FwApp.debug.xcconfig"; sourceTree = "<group>"; };
		F1BEF1E1B2851D848FC5530D /* libPods-FwApp.a */ = {isa = PBXFileReference; explicitFileType = archive.ar; includeInIndex = 0; path = "libPods-FwApp.a"; sourceTree = BUILT_PRODUCTS_DIR; };
/* End PBXFileReference section */

/* Begin PBXFrameworksBuildPhase section */
		5426E18821420DCE008AF44A /* Frameworks */ = {
			isa = PBXFrameworksBuildPhase;
			buildActionMask = 2147483647;
			files = (
				54531C7D21461B8C005D87BA /* libsqlite3.tbd in Frameworks */,
				8E5F4A2A2DC4257315B3863A /* libPods-FwApp.a in Frameworks */,
			);
			runOnlyForDeploymentPostprocessing = 0;
		};
/* End PBXFrameworksBuildPhase section */

/* Begin PBXGroup section */
		540F1C342142677D00AA408C /* Modules */ = {
			isa = PBXGroup;
			children = (
				54531CAB21467063005D87BA /* Login */,
				540F1C3C2142699700AA408C /* CBHomeVC.h */,
				540F1C3D2142699700AA408C /* CBHomeVC.m */,
				540F1C3F214269A300AA408C /* CBVideoVC.h */,
				540F1C40214269A300AA408C /* CBVideoVC.m */,
				540F1C42214269C000AA408C /* CBAnchorVC.h */,
				540F1C43214269C000AA408C /* CBAnchorVC.m */,
				540F1C45214269CB00AA408C /* CBAttentionVC.h */,
				540F1C46214269CB00AA408C /* CBAttentionVC.m */,
				540F1C48214269D500AA408C /* CBProfileVC.h */,
				540F1C49214269D500AA408C /* CBProfileVC.m */,
			);
			path = Modules;
			sourceTree = "<group>";
		};
		540F1C352142679100AA408C /* RootVC */ = {
			isa = PBXGroup;
			children = (
				540F1C36214268C400AA408C /* CBNVC.h */,
				540F1C39214268C500AA408C /* CBNVC.m */,
				540F1C38214268C500AA408C /* CBTBC.h */,
				540F1C37214268C500AA408C /* CBTBC.m */,
			);
			path = RootVC;
			sourceTree = "<group>";
		};
		540F1C5521426DF800AA408C /* Category */ = {
			isa = PBXGroup;
			children = (
				54531CE421475F0F005D87BA /* UIViewController */,
				54531CCA214672D3005D87BA /* MBProgressHUD */,
				54531CC621467239005D87BA /* UITextField */,
				540F1C6121427A1600AA408C /* NSObject */,
				540F1C5621426E0800AA408C /* UIColor */,
			);
			path = Category;
			sourceTree = "<group>";
		};
		540F1C5621426E0800AA408C /* UIColor */ = {
			isa = PBXGroup;
			children = (
				540F1C5821426E1100AA408C /* UIColor+Color.h */,
				540F1C5721426E1100AA408C /* UIColor+Color.m */,
			);
			path = UIColor;
			sourceTree = "<group>";
		};
		540F1C5A2142761C00AA408C /* Launch */ = {
			isa = PBXGroup;
			children = (
				540F1C5B2142765E00AA408C /* CBLaunch.h */,
				540F1C5C2142765E00AA408C /* CBLaunch.m */,
			);
			path = Launch;
			sourceTree = "<group>";
		};
		540F1C5E2142772E00AA408C /* Define */ = {
			isa = PBXGroup;
			children = (
				540F1C5F2142775500AA408C /* CBFuncDefine.h */,
				540F1C60214277FA00AA408C /* CBHeaders.h */,
			);
			path = Define;
			sourceTree = "<group>";
		};
		540F1C6121427A1600AA408C /* NSObject */ = {
			isa = PBXGroup;
			children = (
				54531C8D21464221005D87BA /* NSObject+Coding.h */,
				54531C8C21464221005D87BA /* NSObject+Coding.m */,
				54531C9021464249005D87BA /* NSObject+Class.h */,
				54531C8F21464249005D87BA /* NSObject+Class.m */,
				540F1C6221427A4000AA408C /* NSObject+PerformBlock.h */,
				540F1C6321427A4000AA408C /* NSObject+PerformBlock.m */,
			);
			path = NSObject;
			sourceTree = "<group>";
		};
		540F1C6621427DDB00AA408C /* Guide */ = {
			isa = PBXGroup;
			children = (
				540F1C6721427DF500AA408C /* CBGuideView.h */,
				540F1C6821427DF500AA408C /* CBGuideView.m */,
				540F1C6A21427F0100AA408C /* CBGuideViewCell.h */,
				540F1C6B21427F0100AA408C /* CBGuideViewCell.m */,
			);
			path = Guide;
			sourceTree = "<group>";
		};
		5426E18221420DCE008AF44A = {
			isa = PBXGroup;
			children = (
				5426E18D21420DCE008AF44A /* FwApp */,
				5426E18C21420DCE008AF44A /* Products */,
				D3DB74AA1EC40C8D27104F3A /* Pods */,
				E0B2CFEEBA9C4A215566A065 /* Frameworks */,
			);
			sourceTree = "<group>";
		};
		5426E18C21420DCE008AF44A /* Products */ = {
			isa = PBXGroup;
			children = (
				5426E18B21420DCE008AF44A /* FwApp.app */,
			);
			name = Products;
			sourceTree = "<group>";
		};
		5426E18D21420DCE008AF44A /* FwApp */ = {
			isa = PBXGroup;
			children = (
				5426E1A921421B04008AF44A /* Framework */,
				5426E1A821421AFC008AF44A /* AppDelegate */,
				540F1C342142677D00AA408C /* Modules */,
				54531C5621460875005D87BA /* Resource */,
				5426E19121420DCE008AF44A /* ViewController.h */,
				5426E19221420DCE008AF44A /* ViewController.m */,
				5426E19421420DCE008AF44A /* Main.storyboard */,
				5426E19721420DCF008AF44A /* Assets.xcassets */,
				5426E19921420DCF008AF44A /* LaunchScreen.storyboard */,
				5426E19C21420DCF008AF44A /* Info.plist */,
				5426E1A7214213AE008AF44A /* FwApp.pch */,
				5426E19D21420DCF008AF44A /* main.m */,
			);
			path = FwApp;
			sourceTree = "<group>";
		};
		5426E1A821421AFC008AF44A /* AppDelegate */ = {
			isa = PBXGroup;
			children = (
				5426E18E21420DCE008AF44A /* AppDelegate.h */,
				5426E18F21420DCE008AF44A /* AppDelegate.m */,
				540F1C5321426DBC00AA408C /* AppDelegate+AppServer.h */,
				540F1C5221426DBC00AA408C /* AppDelegate+AppServer.m */,
			);
			path = AppDelegate;
			sourceTree = "<group>";
		};
		5426E1A921421B04008AF44A /* Framework */ = {
			isa = PBXGroup;
			children = (
				54531CD721474CB1005D87BA /* Logic */,
				54531C9A21464D95005D87BA /* Network */,
				54531C7521461951005D87BA /* Cache */,
				540F1C5E2142772E00AA408C /* Define */,
				540F1C5A2142761C00AA408C /* Launch */,
				540F1C6621427DDB00AA408C /* Guide */,
				540F1C352142679100AA408C /* RootVC */,
				540F1C5521426DF800AA408C /* Category */,
				54531C95214649B7005D87BA /* Tools */,
			);
			path = Framework;
			sourceTree = "<group>";
		};
		54531C5621460875005D87BA /* Resource */ = {
			isa = PBXGroup;
			children = (
				54531C6321460C56005D87BA /* guide */,
			);
			path = Resource;
			sourceTree = "<group>";
		};
		54531C6321460C56005D87BA /* guide */ = {
			isa = PBXGroup;
			children = (
				54531C5821460875005D87BA /* guide_1@3x.png */,
				54531C5C21460875005D87BA /* guide_2@3x.png */,
				54531C5A21460875005D87BA /* guide_3@3x.png */,
				54531C5921460875005D87BA /* guide_X1@3x.png */,
				54531C5B21460875005D87BA /* guide_X2@3x.png */,
				54531C5721460875005D87BA /* guide_X3@3x.png */,
			);
			path = guide;
			sourceTree = "<group>";
		};
		54531C7521461951005D87BA /* Cache */ = {
			isa = PBXGroup;
			children = (
				54531C88214641F1005D87BA /* UserCache */,
			);
			path = Cache;
			sourceTree = "<group>";
		};
		54531C88214641F1005D87BA /* UserCache */ = {
			isa = PBXGroup;
			children = (
				54531CF321479825005D87BA /* CBUserProfileManager.h */,
				54531CF421479825005D87BA /* CBUserProfileManager.m */,
				54531C8921464208005D87BA /* CBUserProfileVO.h */,
				54531C8A21464209005D87BA /* CBUserProfileVO.m */,
				54531C9221464934005D87BA /* CBUserProfileLogic.h */,
				54531C9321464934005D87BA /* CBUserProfileLogic.m */,
				54531CA5214655C9005D87BA /* CBUserProfileAPI.h */,
				54531CA6214655C9005D87BA /* CBUserProfileAPI.m */,
			);
			path = UserCache;
			sourceTree = "<group>";
		};
		54531C95214649B7005D87BA /* Tools */ = {
			isa = PBXGroup;
			children = (
				54531CC2214670A1005D87BA /* View */,
				54531C9E21465098005D87BA /* AES */,
				54531C99214649C4005D87BA /* Tool */,
			);
			path = Tools;
			sourceTree = "<group>";
		};
		54531C99214649C4005D87BA /* Tool */ = {
			isa = PBXGroup;
			children = (
				54531C97214649C2005D87BA /* CBArchiverTool.h */,
				54531C96214649C2005D87BA /* CBArchiverTool.m */,
			);
			path = Tool;
			sourceTree = "<group>";
		};
		54531C9A21464D95005D87BA /* Network */ = {
			isa = PBXGroup;
			children = (
				54531C9B21464DA2005D87BA /* CBRequestAPI.h */,
				54531C9C21464DA2005D87BA /* CBRequestAPI.m */,
				54531CA8214656F7005D87BA /* CBUrlArgumentsFilter.h */,
				54531CA9214656F7005D87BA /* CBUrlArgumentsFilter.m */,
				54531CA221465286005D87BA /* CBRequestHeaderVO.h */,
				54531CA321465286005D87BA /* CBRequestHeaderVO.m */,
			);
			path = Network;
			sourceTree = "<group>";
		};
		54531C9E21465098005D87BA /* AES */ = {
			isa = PBXGroup;
			children = (
				54531CA021465098005D87BA /* AESCipher.h */,
				54531C9F21465098005D87BA /* AESCipher.m */,
			);
			path = AES;
			sourceTree = "<group>";
		};
		54531CAB21467063005D87BA /* Login */ = {
			isa = PBXGroup;
			children = (
				54531CAC21467063005D87BA /* Web */,
				54531CB721467063005D87BA /* Login */,
				54531CAF21467063005D87BA /* Register */,
				54531CB321467063005D87BA /* Forget */,
			);
			path = Login;
			sourceTree = "<group>";
		};
		54531CAC21467063005D87BA /* Web */ = {
			isa = PBXGroup;
			children = (
				54531CAE21467063005D87BA /* CBWebVC.h */,
				54531CAD21467063005D87BA /* CBWebVC.m */,
			);
			path = Web;
			sourceTree = "<group>";
		};
		54531CAF21467063005D87BA /* Register */ = {
			isa = PBXGroup;
			children = (
				54531CDB21474EAD005D87BA /* VC */,
				54531CDD21474EBE005D87BA /* API */,
			);
			path = Register;
			sourceTree = "<group>";
		};
		54531CB321467063005D87BA /* Forget */ = {
			isa = PBXGroup;
			children = (
				54531CEB2147749D005D87BA /* VC */,
				54531CEC214774B8005D87BA /* API */,
			);
			path = Forget;
			sourceTree = "<group>";
		};
		54531CB721467063005D87BA /* Login */ = {
			isa = PBXGroup;
			children = (
				54531CCE21467822005D87BA /* VC */,
				54531CCF21467829005D87BA /* Logic */,
				54531CD621467875005D87BA /* API */,
			);
			path = Login;
			sourceTree = "<group>";
		};
		54531CC2214670A1005D87BA /* View */ = {
			isa = PBXGroup;
			children = (
				54531CC3214670A8005D87BA /* CBBaseWebViewVC.h */,
				54531CC4214670A8005D87BA /* CBBaseWebViewVC.m */,
			);
			path = View;
			sourceTree = "<group>";
		};
		54531CC621467239005D87BA /* UITextField */ = {
			isa = PBXGroup;
			children = (
				54531CC721467239005D87BA /* UITextField+LeftImageView.h */,
				54531CC821467239005D87BA /* UITextField+LeftImageView.m */,
			);
			path = UITextField;
			sourceTree = "<group>";
		};
		54531CCA214672D3005D87BA /* MBProgressHUD */ = {
			isa = PBXGroup;
			children = (
				54531CCC214672D3005D87BA /* MBProgressHUD+HUD.h */,
				54531CCB214672D3005D87BA /* MBProgressHUD+HUD.m */,
			);
			path = MBProgressHUD;
			sourceTree = "<group>";
		};
		54531CCE21467822005D87BA /* VC */ = {
			isa = PBXGroup;
			children = (
				54531CBA21467063005D87BA /* CBLoginVC.h */,
				54531CB821467063005D87BA /* CBLoginVC.m */,
				54531CB921467063005D87BA /* CBLoginVC.xib */,
			);
			path = VC;
			sourceTree = "<group>";
		};
		54531CCF21467829005D87BA /* Logic */ = {
			isa = PBXGroup;
			children = (
				54531CD02146783D005D87BA /* CBLoginLogic.h */,
				54531CD12146783D005D87BA /* CBLoginLogic.m */,
			);
			path = Logic;
			sourceTree = "<group>";
		};
		54531CD621467875005D87BA /* API */ = {
			isa = PBXGroup;
			children = (
				54531CD321467872005D87BA /* CBLoginAPI.h */,
				54531CD421467872005D87BA /* CBLoginAPI.m */,
				54531CF62147A373005D87BA /* CBThirdLoginAPI.h */,
				54531CF72147A373005D87BA /* CBThirdLoginAPI.m */,
			);
			path = API;
			sourceTree = "<group>";
		};
		54531CD721474CB1005D87BA /* Logic */ = {
			isa = PBXGroup;
			children = (
				54531CD821474CBC005D87BA /* CBLogic.h */,
				54531CD921474CBC005D87BA /* CBLogic.m */,
			);
			path = Logic;
			sourceTree = "<group>";
		};
		54531CDB21474EAD005D87BA /* VC */ = {
			isa = PBXGroup;
			children = (
				54531CB221467063005D87BA /* CBRegisterVC.h */,
				54531CB021467063005D87BA /* CBRegisterVC.m */,
				54531CB121467063005D87BA /* CBRegisterVC.xib */,
			);
			path = VC;
			sourceTree = "<group>";
		};
		54531CDD21474EBE005D87BA /* API */ = {
			isa = PBXGroup;
			children = (
				54531CE121474EE7005D87BA /* CBRegisterAPI.h */,
				54531CE221474EE7005D87BA /* CBRegisterAPI.m */,
				54531CE821477102005D87BA /* CBVerCodeAPI.h */,
				54531CE921477102005D87BA /* CBVerCodeAPI.m */,
			);
			path = API;
			sourceTree = "<group>";
		};
		54531CE421475F0F005D87BA /* UIViewController */ = {
			isa = PBXGroup;
			children = (
				54531CE521475F32005D87BA /* UIViewController+loading.h */,
				54531CE621475F32005D87BA /* UIViewController+loading.m */,
			);
			path = UIViewController;
			sourceTree = "<group>";
		};
		54531CEB2147749D005D87BA /* VC */ = {
			isa = PBXGroup;
			children = (
				54531CB621467063005D87BA /* CBForgetPwdVC.h */,
				54531CB521467063005D87BA /* CBForgetPwdVC.m */,
				54531CB421467063005D87BA /* CBForgetPwdVC.xib */,
			);
			path = VC;
			sourceTree = "<group>";
		};
		54531CEC214774B8005D87BA /* API */ = {
			isa = PBXGroup;
			children = (
				54531CED214774CA005D87BA /* CBForgetAPI.h */,
				54531CEE214774CA005D87BA /* CBForgetAPI.m */,
			);
			path = API;
			sourceTree = "<group>";
		};
		D3DB74AA1EC40C8D27104F3A /* Pods */ = {
			isa = PBXGroup;
			children = (
				DE64301DFB46888C031105E9 /* Pods-FwApp.debug.xcconfig */,
				BA8E96F2C692180177CB7659 /* Pods-FwApp.release.xcconfig */,
			);
			name = Pods;
			sourceTree = "<group>";
		};
		E0B2CFEEBA9C4A215566A065 /* Frameworks */ = {
			isa = PBXGroup;
			children = (
				54531C7C21461B8C005D87BA /* libsqlite3.tbd */,
				F1BEF1E1B2851D848FC5530D /* libPods-FwApp.a */,
			);
			name = Frameworks;
			sourceTree = "<group>";
		};
/* End PBXGroup section */

/* Begin PBXNativeTarget section */
		5426E18A21420DCE008AF44A /* FwApp */ = {
			isa = PBXNativeTarget;
			buildConfigurationList = 5426E1A121420DCF008AF44A /* Build configuration list for PBXNativeTarget "FwApp" */;
			buildPhases = (
				12F6621868B74B94E66C2986 /* [CP] Check Pods Manifest.lock */,
				5426E18721420DCE008AF44A /* Sources */,
				5426E18821420DCE008AF44A /* Frameworks */,
				5426E18921420DCE008AF44A /* Resources */,
				5426E1A62142137A008AF44A /* ShellScript */,
				929EB5D4E75B18301C90F25C /* [CP] Copy Pods Resources */,
			);
			buildRules = (
			);
			dependencies = (
			);
			name = FwApp;
			productName = FwApp;
			productReference = 5426E18B21420DCE008AF44A /* FwApp.app */;
			productType = "com.apple.product-type.application";
		};
/* End PBXNativeTarget section */

/* Begin PBXProject section */
		5426E18321420DCE008AF44A /* Project object */ = {
			isa = PBXProject;
			attributes = {
				CLASSPREFIX = CB;
				LastUpgradeCheck = 0940;
				ORGANIZATIONNAME = chenbing;
				TargetAttributes = {
					5426E18A21420DCE008AF44A = {
						CreatedOnToolsVersion = 9.4.1;
					};
				};
			};
			buildConfigurationList = 5426E18621420DCE008AF44A /* Build configuration list for PBXProject "FwApp" */;
			compatibilityVersion = "Xcode 9.3";
			developmentRegion = en;
			hasScannedForEncodings = 0;
			knownRegions = (
				en,
				Base,
			);
			mainGroup = 5426E18221420DCE008AF44A;
			productRefGroup = 5426E18C21420DCE008AF44A /* Products */;
			projectDirPath = "";
			projectRoot = "";
			targets = (
				5426E18A21420DCE008AF44A /* FwApp */,
			);
		};
/* End PBXProject section */

/* Begin PBXResourcesBuildPhase section */
		5426E18921420DCE008AF44A /* Resources */ = {
			isa = PBXResourcesBuildPhase;
			buildActionMask = 2147483647;
			files = (
				54531C5E21460875005D87BA /* guide_1@3x.png in Resources */,
				54531C6021460875005D87BA /* guide_3@3x.png in Resources */,
				5426E19B21420DCF008AF44A /* LaunchScreen.storyboard in Resources */,
				54531C5D21460875005D87BA /* guide_X3@3x.png in Resources */,
				54531C6121460875005D87BA /* guide_X2@3x.png in Resources */,
				54531CC121467063005D87BA /* CBLoginVC.xib in Resources */,
				54531C6221460875005D87BA /* guide_2@3x.png in Resources */,
				54531C5F21460875005D87BA /* guide_X1@3x.png in Resources */,
				54531CBE21467063005D87BA /* CBForgetPwdVC.xib in Resources */,
				5426E19821420DCF008AF44A /* Assets.xcassets in Resources */,
				54531CBD21467063005D87BA /* CBRegisterVC.xib in Resources */,
				5426E19621420DCE008AF44A /* Main.storyboard in Resources */,
			);
			runOnlyForDeploymentPostprocessing = 0;
		};
/* End PBXResourcesBuildPhase section */

/* Begin PBXShellScriptBuildPhase section */
		12F6621868B74B94E66C2986 /* [CP] Check Pods Manifest.lock */ = {
			isa = PBXShellScriptBuildPhase;
			buildActionMask = 2147483647;
			files = (
			);
			inputPaths = (
				"${PODS_PODFILE_DIR_PATH}/Podfile.lock",
				"${PODS_ROOT}/Manifest.lock",
			);
			name = "[CP] Check Pods Manifest.lock";
			outputPaths = (
				"$(DERIVED_FILE_DIR)/Pods-FwApp-checkManifestLockResult.txt",
			);
			runOnlyForDeploymentPostprocessing = 0;
			shellPath = /bin/sh;
			shellScript = "diff \"${PODS_PODFILE_DIR_PATH}/Podfile.lock\" \"${PODS_ROOT}/Manifest.lock\" > /dev/null\nif [ $? != 0 ] ; then\n    # print error to STDERR\n    echo \"error: The sandbox is not in sync with the Podfile.lock. Run 'pod install' or update your CocoaPods installation.\" >&2\n    exit 1\nfi\n# This output is used by Xcode 'outputs' to avoid re-running this script phase.\necho \"SUCCESS\" > \"${SCRIPT_OUTPUT_FILE_0}\"\n";
			showEnvVarsInLog = 0;
		};
		5426E1A62142137A008AF44A /* ShellScript */ = {
			isa = PBXShellScriptBuildPhase;
			buildActionMask = 2147483647;
			files = (
			);
			inputPaths = (
			);
			outputPaths = (
			);
			runOnlyForDeploymentPostprocessing = 0;
			shellPath = /bin/sh;
			shellScript = "if [ $CONFIGURATION == Release ]; then\necho \"Bumping build number...\"\nplist=${PROJECT_DIR}/${INFOPLIST_FILE}\n#increment the build number (ie 115 to 116)\nbuildnum=$(/usr/libexec/PlistBuddy -c \"Print CFBundleVersion\" \"${plist}\")\nif [[ \"${buildnum}\" == \"\" ]]; then\necho \"No build number in $plist\"\nexit 2\nfi\nbuildnum=$(expr $buildnum + 1)\n/usr/libexec/Plistbuddy -c \"Set CFBundleVersion $buildnum\" \"${plist}\"\necho \"Bumped build number to $buildnum\"\n\nelse\necho $CONFIGURATION \" build - Not bumping build number.\"\nfi\n\n# Without further ado, here’s the script. Add a Run Script step to your build steps, put it after your step to embed frameworks, set it to use /bin/sh and enter the following script:\n\nAPP_PATH=\"${TARGET_BUILD_DIR}/${WRAPPER_NAME}\"\n\n# This script loops through the frameworks embedded in the application and\n# removes unused architectures.\nfind \"$APP_PATH\" -name '*.framework' -type d | while read -r FRAMEWORK\ndo\nFRAMEWORK_EXECUTABLE_NAME=$(defaults read \"$FRAMEWORK/Info.plist\" CFBundleExecutable)\nFRAMEWORK_EXECUTABLE_PATH=\"$FRAMEWORK/$FRAMEWORK_EXECUTABLE_NAME\"\necho \"Executable is $FRAMEWORK_EXECUTABLE_PATH\"\n\nEXTRACTED_ARCHS=()\n\nfor ARCH in $ARCHS\ndo\necho \"Extracting $ARCH from $FRAMEWORK_EXECUTABLE_NAME\"\nlipo -extract \"$ARCH\" \"$FRAMEWORK_EXECUTABLE_PATH\" -o \"$FRAMEWORK_EXECUTABLE_PATH-$ARCH\"\nEXTRACTED_ARCHS+=(\"$FRAMEWORK_EXECUTABLE_PATH-$ARCH\")\ndone\n\necho \"Merging extracted architectures: ${ARCHS}\"\nlipo -o \"$FRAMEWORK_EXECUTABLE_PATH-merged\" -create \"${EXTRACTED_ARCHS[@]}\"\nrm \"${EXTRACTED_ARCHS[@]}\"\n\necho \"Replacing original executable with thinned version\"\nrm \"$FRAMEWORK_EXECUTABLE_PATH\"\nmv \"$FRAMEWORK_EXECUTABLE_PATH-merged\" \"$FRAMEWORK_EXECUTABLE_PATH\"\n\ndone";
		};
		929EB5D4E75B18301C90F25C /* [CP] Copy Pods Resources */ = {
			isa = PBXShellScriptBuildPhase;
			buildActionMask = 2147483647;
			files = (
			);
			inputPaths = (
				"${SRCROOT}/Pods/Target Support Files/Pods-FwApp/Pods-FwApp-resources.sh",
				"${PODS_ROOT}/ShareSDK3/SDK/ShareSDK/Support/Required/ShareSDK.bundle",
				"${PODS_ROOT}/ShareSDK3/SDK/ShareSDK/Support/PlatformSDK/SinaWeiboSDK/WeiboSDK.bundle",
			);
			name = "[CP] Copy Pods Resources";
			outputPaths = (
				"${TARGET_BUILD_DIR}/${UNLOCALIZED_RESOURCES_FOLDER_PATH}/ShareSDK.bundle",
				"${TARGET_BUILD_DIR}/${UNLOCALIZED_RESOURCES_FOLDER_PATH}/WeiboSDK.bundle",
			);
			runOnlyForDeploymentPostprocessing = 0;
			shellPath = /bin/sh;
			shellScript = "\"${SRCROOT}/Pods/Target Support Files/Pods-FwApp/Pods-FwApp-resources.sh\"\n";
			showEnvVarsInLog = 0;
		};
/* End PBXShellScriptBuildPhase section */

/* Begin PBXSourcesBuildPhase section */
		5426E18721420DCE008AF44A /* Sources */ = {
			isa = PBXSourcesBuildPhase;
			buildActionMask = 2147483647;
			files = (
				540F1C44214269C000AA408C /* CBAnchorVC.m in Sources */,
				540F1C5921426E1100AA408C /* UIColor+Color.m in Sources */,
				54531C98214649C2005D87BA /* CBArchiverTool.m in Sources */,
				54531CDA21474CBC005D87BA /* CBLogic.m in Sources */,
				540F1C3B214268C500AA408C /* CBNVC.m in Sources */,
				540F1C5D2142765E00AA408C /* CBLaunch.m in Sources */,
				54531CEF214774CA005D87BA /* CBForgetAPI.m in Sources */,
				54531CEA21477102005D87BA /* CBVerCodeAPI.m in Sources */,
				54531C912146424A005D87BA /* NSObject+Class.m in Sources */,
				540F1C3A214268C500AA408C /* CBTBC.m in Sources */,
				54531CBB21467063005D87BA /* CBWebVC.m in Sources */,
				5426E19321420DCE008AF44A /* ViewController.m in Sources */,
				540F1C47214269CB00AA408C /* CBAttentionVC.m in Sources */,
				54531CBC21467063005D87BA /* CBRegisterVC.m in Sources */,
				54531C9D21464DA2005D87BA /* CBRequestAPI.m in Sources */,
				540F1C41214269A300AA408C /* CBVideoVC.m in Sources */,
				54531CCD214672D3005D87BA /* MBProgressHUD+HUD.m in Sources */,
				5426E19E21420DCF008AF44A /* main.m in Sources */,
				540F1C6921427DF500AA408C /* CBGuideView.m in Sources */,
				54531CD521467872005D87BA /* CBLoginAPI.m in Sources */,
				54531CAA214656F7005D87BA /* CBUrlArgumentsFilter.m in Sources */,
				540F1C6C21427F0100AA408C /* CBGuideViewCell.m in Sources */,
				54531CC92146723A005D87BA /* UITextField+LeftImageView.m in Sources */,
				540F1C3E2142699700AA408C /* CBHomeVC.m in Sources */,
				54531C8B21464209005D87BA /* CBUserProfileVO.m in Sources */,
				54531CF82147A373005D87BA /* CBThirdLoginAPI.m in Sources */,
				5426E19021420DCE008AF44A /* AppDelegate.m in Sources */,
				54531CC021467063005D87BA /* CBLoginVC.m in Sources */,
				54531CA121465098005D87BA /* AESCipher.m in Sources */,
				54531CA421465286005D87BA /* CBRequestHeaderVO.m in Sources */,
				54531C9421464934005D87BA /* CBUserProfileLogic.m in Sources */,
				540F1C5421426DBC00AA408C /* AppDelegate+AppServer.m in Sources */,
				54531CA7214655C9005D87BA /* CBUserProfileAPI.m in Sources */,
				54531CC5214670A9005D87BA /* CBBaseWebViewVC.m in Sources */,
				540F1C4A214269D500AA408C /* CBProfileVC.m in Sources */,
				54531CE321474EE7005D87BA /* CBRegisterAPI.m in Sources */,
				540F1C6421427A4000AA408C /* NSObject+PerformBlock.m in Sources */,
				54531CD22146783D005D87BA /* CBLoginLogic.m in Sources */,
				54531CBF21467063005D87BA /* CBForgetPwdVC.m in Sources */,
				54531C8E21464221005D87BA /* NSObject+Coding.m in Sources */,
				54531CF521479825005D87BA /* CBUserProfileManager.m in Sources */,
				54531CE721475F33005D87BA /* UIViewController+loading.m in Sources */,
			);
			runOnlyForDeploymentPostprocessing = 0;
		};
/* End PBXSourcesBuildPhase section */

/* Begin PBXVariantGroup section */
		5426E19421420DCE008AF44A /* Main.storyboard */ = {
			isa = PBXVariantGroup;
			children = (
				5426E19521420DCE008AF44A /* Base */,
			);
			name = Main.storyboard;
			sourceTree = "<group>";
		};
		5426E19921420DCF008AF44A /* LaunchScreen.storyboard */ = {
			isa = PBXVariantGroup;
			children = (
				5426E19A21420DCF008AF44A /* Base */,
			);
			name = LaunchScreen.storyboard;
			sourceTree = "<group>";
		};
/* End PBXVariantGroup section */

/* Begin XCBuildConfiguration section */
		5426E19F21420DCF008AF44A /* Debug */ = {
			isa = XCBuildConfiguration;
			buildSettings = {
				ALWAYS_SEARCH_USER_PATHS = NO;
				CLANG_ANALYZER_NONNULL = YES;
				CLANG_ANALYZER_NUMBER_OBJECT_CONVERSION = YES_AGGRESSIVE;
				CLANG_CXX_LANGUAGE_STANDARD = "gnu++14";
				CLANG_CXX_LIBRARY = "libc++";
				CLANG_ENABLE_MODULES = YES;
				CLANG_ENABLE_OBJC_ARC = YES;
				CLANG_ENABLE_OBJC_WEAK = YES;
				CLANG_WARN_BLOCK_CAPTURE_AUTORELEASING = YES;
				CLANG_WARN_BOOL_CONVERSION = YES;
				CLANG_WARN_COMMA = YES;
				CLANG_WARN_CONSTANT_CONVERSION = YES;
				CLANG_WARN_DEPRECATED_OBJC_IMPLEMENTATIONS = YES;
				CLANG_WARN_DIRECT_OBJC_ISA_USAGE = YES_ERROR;
				CLANG_WARN_DOCUMENTATION_COMMENTS = YES;
				CLANG_WARN_EMPTY_BODY = YES;
				CLANG_WARN_ENUM_CONVERSION = YES;
				CLANG_WARN_INFINITE_RECURSION = YES;
				CLANG_WARN_INT_CONVERSION = YES;
				CLANG_WARN_NON_LITERAL_NULL_CONVERSION = YES;
				CLANG_WARN_OBJC_IMPLICIT_RETAIN_SELF = YES;
				CLANG_WARN_OBJC_LITERAL_CONVERSION = YES;
				CLANG_WARN_OBJC_ROOT_CLASS = YES_ERROR;
				CLANG_WARN_RANGE_LOOP_ANALYSIS = YES;
				CLANG_WARN_STRICT_PROTOTYPES = YES;
				CLANG_WARN_SUSPICIOUS_MOVE = YES;
				CLANG_WARN_UNGUARDED_AVAILABILITY = YES_AGGRESSIVE;
				CLANG_WARN_UNREACHABLE_CODE = YES;
				CLANG_WARN__DUPLICATE_METHOD_MATCH = YES;
				CODE_SIGN_IDENTITY = "iPhone Developer";
				COPY_PHASE_STRIP = NO;
				DEBUG_INFORMATION_FORMAT = dwarf;
				ENABLE_STRICT_OBJC_MSGSEND = YES;
				ENABLE_TESTABILITY = YES;
				GCC_C_LANGUAGE_STANDARD = gnu11;
				GCC_DYNAMIC_NO_PIC = NO;
				GCC_NO_COMMON_BLOCKS = YES;
				GCC_OPTIMIZATION_LEVEL = 0;
				GCC_PREPROCESSOR_DEFINITIONS = (
					"DEBUG=1",
					"$(inherited)",
				);
				GCC_WARN_64_TO_32_BIT_CONVERSION = YES;
				GCC_WARN_ABOUT_RETURN_TYPE = YES_ERROR;
				GCC_WARN_UNDECLARED_SELECTOR = YES;
				GCC_WARN_UNINITIALIZED_AUTOS = YES_AGGRESSIVE;
				GCC_WARN_UNUSED_FUNCTION = YES;
				GCC_WARN_UNUSED_VARIABLE = YES;
				IPHONEOS_DEPLOYMENT_TARGET = 11.4;
				MTL_ENABLE_DEBUG_INFO = YES;
				ONLY_ACTIVE_ARCH = YES;
				SDKROOT = iphoneos;
			};
			name = Debug;
		};
		5426E1A021420DCF008AF44A /* Release */ = {
			isa = XCBuildConfiguration;
			buildSettings = {
				ALWAYS_SEARCH_USER_PATHS = NO;
				CLANG_ANALYZER_NONNULL = YES;
				CLANG_ANALYZER_NUMBER_OBJECT_CONVERSION = YES_AGGRESSIVE;
				CLANG_CXX_LANGUAGE_STANDARD = "gnu++14";
				CLANG_CXX_LIBRARY = "libc++";
				CLANG_ENABLE_MODULES = YES;
				CLANG_ENABLE_OBJC_ARC = YES;
				CLANG_ENABLE_OBJC_WEAK = YES;
				CLANG_WARN_BLOCK_CAPTURE_AUTORELEASING = YES;
				CLANG_WARN_BOOL_CONVERSION = YES;
				CLANG_WARN_COMMA = YES;
				CLANG_WARN_CONSTANT_CONVERSION = YES;
				CLANG_WARN_DEPRECATED_OBJC_IMPLEMENTATIONS = YES;
				CLANG_WARN_DIRECT_OBJC_ISA_USAGE = YES_ERROR;
				CLANG_WARN_DOCUMENTATION_COMMENTS = YES;
				CLANG_WARN_EMPTY_BODY = YES;
				CLANG_WARN_ENUM_CONVERSION = YES;
				CLANG_WARN_INFINITE_RECURSION = YES;
				CLANG_WARN_INT_CONVERSION = YES;
				CLANG_WARN_NON_LITERAL_NULL_CONVERSION = YES;
				CLANG_WARN_OBJC_IMPLICIT_RETAIN_SELF = YES;
				CLANG_WARN_OBJC_LITERAL_CONVERSION = YES;
				CLANG_WARN_OBJC_ROOT_CLASS = YES_ERROR;
				CLANG_WARN_RANGE_LOOP_ANALYSIS = YES;
				CLANG_WARN_STRICT_PROTOTYPES = YES;
				CLANG_WARN_SUSPICIOUS_MOVE = YES;
				CLANG_WARN_UNGUARDED_AVAILABILITY = YES_AGGRESSIVE;
				CLANG_WARN_UNREACHABLE_CODE = YES;
				CLANG_WARN__DUPLICATE_METHOD_MATCH = YES;
				CODE_SIGN_IDENTITY = "iPhone Developer";
				COPY_PHASE_STRIP = NO;
				DEBUG_INFORMATION_FORMAT = "dwarf-with-dsym";
				ENABLE_NS_ASSERTIONS = NO;
				ENABLE_STRICT_OBJC_MSGSEND = YES;
				GCC_C_LANGUAGE_STANDARD = gnu11;
				GCC_NO_COMMON_BLOCKS = YES;
				GCC_WARN_64_TO_32_BIT_CONVERSION = YES;
				GCC_WARN_ABOUT_RETURN_TYPE = YES_ERROR;
				GCC_WARN_UNDECLARED_SELECTOR = YES;
				GCC_WARN_UNINITIALIZED_AUTOS = YES_AGGRESSIVE;
				GCC_WARN_UNUSED_FUNCTION = YES;
				GCC_WARN_UNUSED_VARIABLE = YES;
				IPHONEOS_DEPLOYMENT_TARGET = 11.4;
				MTL_ENABLE_DEBUG_INFO = NO;
				SDKROOT = iphoneos;
				VALIDATE_PRODUCT = YES;
			};
			name = Release;
		};
		5426E1A221420DCF008AF44A /* Debug */ = {
			isa = XCBuildConfiguration;
			baseConfigurationReference = DE64301DFB46888C031105E9 /* Pods-FwApp.debug.xcconfig */;
			buildSettings = {
				ASSETCATALOG_COMPILER_APPICON_NAME = AppIcon;
				CODE_SIGN_STYLE = Automatic;
				DEVELOPMENT_TEAM = 7A62QP363D;
				GCC_PREFIX_HEADER = FwApp/FwApp.pch;
				INFOPLIST_FILE = FwApp/Info.plist;
				IPHONEOS_DEPLOYMENT_TARGET = 9.0;
				LD_RUNPATH_SEARCH_PATHS = (
					"$(inherited)",
					"@executable_path/Frameworks",
				);
				PRODUCT_BUNDLE_IDENTIFIER = com.fengwo.FwApp;
				PRODUCT_NAME = "$(TARGET_NAME)";
				TARGETED_DEVICE_FAMILY = 1;
			};
			name = Debug;
		};
		5426E1A321420DCF008AF44A /* Release */ = {
			isa = XCBuildConfiguration;
			baseConfigurationReference = BA8E96F2C692180177CB7659 /* Pods-FwApp.release.xcconfig */;
			buildSettings = {
				ASSETCATALOG_COMPILER_APPICON_NAME = AppIcon;
				CODE_SIGN_STYLE = Automatic;
				DEVELOPMENT_TEAM = 7A62QP363D;
				GCC_PREFIX_HEADER = FwApp/FwApp.pch;
				INFOPLIST_FILE = FwApp/Info.plist;
				IPHONEOS_DEPLOYMENT_TARGET = 9.0;
				LD_RUNPATH_SEARCH_PATHS = (
					"$(inherited)",
					"@executable_path/Frameworks",
				);
				PRODUCT_BUNDLE_IDENTIFIER = com.fengwo.FwApp;
				PRODUCT_NAME = "$(TARGET_NAME)";
				TARGETED_DEVICE_FAMILY = 1;
			};
			name = Release;
		};
/* End XCBuildConfiguration section */

/* Begin XCConfigurationList section */
		5426E18621420DCE008AF44A /* Build configuration list for PBXProject "FwApp" */ = {
			isa = XCConfigurationList;
			buildConfigurations = (
				5426E19F21420DCF008AF44A /* Debug */,
				5426E1A021420DCF008AF44A /* Release */,
			);
			defaultConfigurationIsVisible = 0;
			defaultConfigurationName = Release;
		};
		5426E1A121420DCF008AF44A /* Build configuration list for PBXNativeTarget "FwApp" */ = {
			isa = XCConfigurationList;
			buildConfigurations = (
				5426E1A221420DCF008AF44A /* Debug */,
				5426E1A321420DCF008AF44A /* Release */,
			);
			defaultConfigurationIsVisible = 0;
			defaultConfigurationName = Release;
		};
/* End XCConfigurationList section */
	};
	rootObject = 5426E18321420DCE008AF44A /* Project object */;
}
