PODS:
  - AFNetworking (3.2.1):
    - AFNetworking/NSURLSession (= 3.2.1)
    - AFNetworking/Reachability (= 3.2.1)
    - AFNetworking/Security (= 3.2.1)
    - AFNetworking/Serialization (= 3.2.1)
    - AFNetworking/UIKit (= 3.2.1)
  - AFNetworking/NSURLSession (3.2.1):
    - AFNetworking/Reachability
    - AFNetworking/Security
    - AFNetworking/Serialization
  - AFNetworking/Reachability (3.2.1)
  - AFNetworking/Security (3.2.1)
  - AFNetworking/Serialization (3.2.1)
  - AFNetworking/UIKit (3.2.1):
    - AFNetworking/NSURLSession
  - MBProgressHUD (1.1.0)
  - MJRefresh (3.1.15.7)
  - MOBFoundation (3.1.8)
  - SDWebImage (4.4.2):
    - SDWebImage/Core (= 4.4.2)
  - SDWebImage/Core (4.4.2)
  - ShareSDK3/ShareSDKPlatforms/Facebook (4.0.4):
    - MOBFoundation
  - ShareSDK3/ShareSDKPlatforms/QQ (4.0.4):
    - MOBFoundation
  - ShareSDK3/ShareSDKPlatforms/SinaWeibo (4.0.4):
    - MOBFoundation
  - ShareSDK3/ShareSDKPlatforms/Twitter (4.0.4):
    - MOBFoundation
  - TYCyclePagerView (1.1.0)
  - WeiXinPay (1.6.2)
  - YTKNetwork (2.0.4):
    - AFNetworking (~> 3.0)
  - YYKit (1.0.9):
    - YYKit/no-arc (= 1.0.9)
  - YYKit/no-arc (1.0.9)
  - ZYCornerRadius (1.0.2)

DEPENDENCIES:
  - AFNetworking
  - MBProgressHUD
  - MJRefresh
  - SDWebImage
  - ShareSDK3/ShareSDKPlatforms/Facebook
  - ShareSDK3/ShareSDKPlatforms/QQ
  - ShareSDK3/ShareSDKPlatforms/SinaWeibo
  - ShareSDK3/ShareSDKPlatforms/Twitter
  - TYCyclePagerView
  - WeiXinPay
  - YTKNetwork
  - YYKit
  - ZYCornerRadius

SPEC REPOS:
  https://github.com/cocoapods/specs.git:
    - AFNetworking
    - MBProgressHUD
    - MJRefresh
    - MOBFoundation
    - SDWebImage
    - ShareSDK3
    - TYCyclePagerView
    - WeiXinPay
    - YTKNetwork
    - YYKit
    - ZYCornerRadius

SPEC CHECKSUMS:
  AFNetworking: b6f891fdfaed196b46c7a83cf209e09697b94057
  MBProgressHUD: e7baa36a220447d8aeb12769bf0585582f3866d9
  MJRefresh: 697f8ec75ebdbe9207767bb682cf0f51b0d8a41f
  MOBFoundation: 7f1e157be332576e4d45809a03bc733292c6ad8d
  SDWebImage: 624d6e296c69b244bcede364c72ae0430ac14681
  ShareSDK3: 75b57bab0cbe3119e281c7668eaad9d48adf3fde
  TYCyclePagerView: b70858c9b5d0e80e1e3129ff5ceb027eb0f76d44
  WeiXinPay: e10b3e05845eac0e279c9fc6311a8fcfdb00d883
  YTKNetwork: df8a7a5597bda1664a4efaa7ef871a818a887fe0
  YYKit: 7cda43304a8dc3696c449041e2cb3107b4e236e7
  ZYCornerRadius: f0af817be7805b5c63d793042ca7a03f81e14069

PODFILE CHECKSUM: b878e514b04a03f60f22717636c430cad8e86ea7

COCOAPODS: 1.5.2
